// !$*UTF8*$!
{
	archiveVersion = 1;
	classes = {
	};
	objectVersion = 50;
	objects = {

/* Begin PBXBuildFile section */
		456BF2922526C1C200C4C8B0 /* AppDelegate.swift in Sources */ = {isa = PBXBuildFile; fileRef = 456BF2912526C1C200C4C8B0 /* AppDelegate.swift */; };
		456BF2942526C1C200C4C8B0 /* SceneDelegate.swift in Sources */ = {isa = PBXBuildFile; fileRef = 456BF2932526C1C200C4C8B0 /* SceneDelegate.swift */; };
		456BF2962526C1C200C4C8B0 /* ViewController.swift in Sources */ = {isa = PBXBuildFile; fileRef = 456BF2952526C1C200C4C8B0 /* ViewController.swift */; };
		456BF2992526C1C200C4C8B0 /* Main.storyboard in Resources */ = {isa = PBXBuildFile; fileRef = 456BF2972526C1C200C4C8B0 /* Main.storyboard */; };
		456BF29B2526C1C300C4C8B0 /* Assets.xcassets in Resources */ = {isa = PBXBuildFile; fileRef = 456BF29A2526C1C300C4C8B0 /* Assets.xcassets */; };
		456BF29E2526C1C300C4C8B0 /* LaunchScreen.storyboard in Resources */ = {isa = PBXBuildFile; fileRef = 456BF29C2526C1C300C4C8B0 /* LaunchScreen.storyboard */; };
		456BF2A92526C1C300C4C8B0 /* auth_demoTests.swift in Sources */ = {isa = PBXBuildFile; fileRef = 456BF2A82526C1C300C4C8B0 /* auth_demoTests.swift */; };
		456BF2B42526C1C300C4C8B0 /* auth_demoUITests.swift in Sources */ = {isa = PBXBuildFile; fileRef = 456BF2B32526C1C300C4C8B0 /* auth_demoUITests.swift */; };
/* End PBXBuildFile section */

/* Begin PBXContainerItemProxy section */
		456BF2A52526C1C300C4C8B0 /* PBXContainerItemProxy */ = {
			isa = PBXContainerItemProxy;
			containerPortal = 456BF2862526C1C200C4C8B0 /* Project object */;
			proxyType = 1;
			remoteGlobalIDString = 456BF28D2526C1C200C4C8B0;
			remoteInfo = "auth-demo";
		};
		456BF2B02526C1C300C4C8B0 /* PBXContainerItemProxy */ = {
			isa = PBXContainerItemProxy;
			containerPortal = 456BF2862526C1C200C4C8B0 /* Project object */;
			proxyType = 1;
			remoteGlobalIDString = 456BF28D2526C1C200C4C8B0;
			remoteInfo = "auth-demo";
		};
/* End PBXContainerItemProxy section */

/* Begin PBXFileReference section */
		456BF28E2526C1C200C4C8B0 /* auth-demo.app */ = {isa = PBXFileReference; explicitFileType = wrapper.application; includeInIndex = 0; path = "auth-demo.app"; sourceTree = BUILT_PRODUCTS_DIR; };
		456BF2912526C1C200C4C8B0 /* AppDelegate.swift */ = {isa = PBXFileReference; lastKnownFileType = sourcecode.swift; path = AppDelegate.swift; sourceTree = "<group>"; };
		456BF2932526C1C200C4C8B0 /* SceneDelegate.swift */ = {isa = PBXFileReference; lastKnownFileType = sourcecode.swift; path = SceneDelegate.swift; sourceTree = "<group>"; };
		456BF2952526C1C200C4C8B0 /* ViewController.swift */ = {isa = PBXFileReference; lastKnownFileType = sourcecode.swift; path = ViewController.swift; sourceTree = "<group>"; };
		456BF2982526C1C200C4C8B0 /* Base */ = {isa = PBXFileReference; lastKnownFileType = file.storyboard; name = Base; path = Base.lproj/Main.storyboard; sourceTree = "<group>"; };
		456BF29A2526C1C300C4C8B0 /* Assets.xcassets */ = {isa = PBXFileReference; lastKnownFileType = folder.assetcatalog; path = Assets.xcassets; sourceTree = "<group>"; };
		456BF29D2526C1C300C4C8B0 /* Base */ = {isa = PBXFileReference; lastKnownFileType = file.storyboard; name = Base; path = Base.lproj/LaunchScreen.storyboard; sourceTree = "<group>"; };
		456BF29F2526C1C300C4C8B0 /* Info.plist */ = {isa = PBXFileReference; lastKnownFileType = text.plist.xml; path = Info.plist; sourceTree = "<group>"; };
		456BF2A42526C1C300C4C8B0 /* auth-demoTests.xctest */ = {isa = PBXFileReference; explicitFileType = wrapper.cfbundle; includeInIndex = 0; path = "auth-demoTests.xctest"; sourceTree = BUILT_PRODUCTS_DIR; };
		456BF2A82526C1C300C4C8B0 /* auth_demoTests.swift */ = {isa = PBXFileReference; lastKnownFileType = sourcecode.swift; path = auth_demoTests.swift; sourceTree = "<group>"; };
		456BF2AA2526C1C300C4C8B0 /* Info.plist */ = {isa = PBXFileReference; lastKnownFileType = text.plist.xml; path = Info.plist; sourceTree = "<group>"; };
		456BF2AF2526C1C300C4C8B0 /* auth-demoUITests.xctest */ = {isa = PBXFileReference; explicitFileType = wrapper.cfbundle; includeInIndex = 0; path = "auth-demoUITests.xctest"; sourceTree = BUILT_PRODUCTS_DIR; };
		456BF2B32526C1C300C4C8B0 /* auth_demoUITests.swift */ = {isa = PBXFileReference; lastKnownFileType = sourcecode.swift; path = auth_demoUITests.swift; sourceTree = "<group>"; };
		456BF2B52526C1C300C4C8B0 /* Info.plist */ = {isa = PBXFileReference; lastKnownFileType = text.plist.xml; path = Info.plist; sourceTree = "<group>"; };
/* End PBXFileReference section */

/* Begin PBXFrameworksBuildPhase section */
		456BF28B2526C1C200C4C8B0 /* Frameworks */ = {
			isa = PBXFrameworksBuildPhase;
			buildActionMask = 2147483647;
			files = (
			);
			runOnlyForDeploymentPostprocessing = 0;
		};
		456BF2A12526C1C300C4C8B0 /* Frameworks */ = {
			isa = PBXFrameworksBuildPhase;
			buildActionMask = 2147483647;
			files = (
			);
			runOnlyForDeploymentPostprocessing = 0;
		};
		456BF2AC2526C1C300C4C8B0 /* Frameworks */ = {
			isa = PBXFrameworksBuildPhase;
			buildActionMask = 2147483647;
			files = (
			);
			runOnlyForDeploymentPostprocessing = 0;
		};
/* End PBXFrameworksBuildPhase section */

/* Begin PBXGroup section */
		456BF2852526C1C200C4C8B0 = {
			isa = PBXGroup;
			children = (
				456BF2902526C1C200C4C8B0 /* auth-demo */,
				456BF2A72526C1C300C4C8B0 /* auth-demoTests */,
				456BF2B22526C1C300C4C8B0 /* auth-demoUITests */,
				456BF28F2526C1C200C4C8B0 /* Products */,
			);
			sourceTree = "<group>";
		};
		456BF28F2526C1C200C4C8B0 /* Products */ = {
			isa = PBXGroup;
			children = (
				456BF28E2526C1C200C4C8B0 /* auth-demo.app */,
				456BF2A42526C1C300C4C8B0 /* auth-demoTests.xctest */,
				456BF2AF2526C1C300C4C8B0 /* auth-demoUITests.xctest */,
			);
			name = Products;
			sourceTree = "<group>";
		};
		456BF2902526C1C200C4C8B0 /* auth-demo */ = {
			isa = PBXGroup;
			children = (
				456BF2912526C1C200C4C8B0 /* AppDelegate.swift */,
				456BF2932526C1C200C4C8B0 /* SceneDelegate.swift */,
				456BF2952526C1C200C4C8B0 /* ViewController.swift */,
				456BF2972526C1C200C4C8B0 /* Main.storyboard */,
				456BF29A2526C1C300C4C8B0 /* Assets.xcassets */,
				456BF29C2526C1C300C4C8B0 /* LaunchScreen.storyboard */,
				456BF29F2526C1C300C4C8B0 /* Info.plist */,
			);
			path = "auth-demo";
			sourceTree = "<group>";
		};
		456BF2A72526C1C300C4C8B0 /* auth-demoTests */ = {
			isa = PBXGroup;
			children = (
				456BF2A82526C1C300C4C8B0 /* auth_demoTests.swift */,
				456BF2AA2526C1C300C4C8B0 /* Info.plist */,
			);
			path = "auth-demoTests";
			sourceTree = "<group>";
		};
		456BF2B22526C1C300C4C8B0 /* auth-demoUITests */ = {
			isa = PBXGroup;
			children = (
				456BF2B32526C1C300C4C8B0 /* auth_demoUITests.swift */,
				456BF2B52526C1C300C4C8B0 /* Info.plist */,
			);
			path = "auth-demoUITests";
			sourceTree = "<group>";
		};
/* End PBXGroup section */

/* Begin PBXNativeTarget section */
		456BF28D2526C1C200C4C8B0 /* auth-demo */ = {
			isa = PBXNativeTarget;
			buildConfigurationList = 456BF2B82526C1C300C4C8B0 /* Build configuration list for PBXNativeTarget "auth-demo" */;
			buildPhases = (
				456BF28A2526C1C200C4C8B0 /* Sources */,
				456BF28B2526C1C200C4C8B0 /* Frameworks */,
				456BF28C2526C1C200C4C8B0 /* Resources */,
			);
			buildRules = (
			);
			dependencies = (
			);
			name = "auth-demo";
			productName = "auth-demo";
			productReference = 456BF28E2526C1C200C4C8B0 /* auth-demo.app */;
			productType = "com.apple.product-type.application";
		};
		456BF2A32526C1C300C4C8B0 /* auth-demoTests */ = {
			isa = PBXNativeTarget;
			buildConfigurationList = 456BF2BB2526C1C300C4C8B0 /* Build configuration list for PBXNativeTarget "auth-demoTests" */;
			buildPhases = (
				456BF2A02526C1C300C4C8B0 /* Sources */,
				456BF2A12526C1C300C4C8B0 /* Frameworks */,
				456BF2A22526C1C300C4C8B0 /* Resources */,
			);
			buildRules = (
			);
			dependencies = (
				456BF2A62526C1C300C4C8B0 /* PBXTargetDependency */,
			);
			name = "auth-demoTests";
			productName = "auth-demoTests";
			productReference = 456BF2A42526C1C300C4C8B0 /* auth-demoTests.xctest */;
			productType = "com.apple.product-type.bundle.unit-test";
		};
		456BF2AE2526C1C300C4C8B0 /* auth-demoUITests */ = {
			isa = PBXNativeTarget;
			buildConfigurationList = 456BF2BE2526C1C300C4C8B0 /* Build configuration list for PBXNativeTarget "auth-demoUITests" */;
			buildPhases = (
				456BF2AB2526C1C300C4C8B0 /* Sources */,
				456BF2AC2526C1C300C4C8B0 /* Frameworks */,
				456BF2AD2526C1C300C4C8B0 /* Resources */,
			);
			buildRules = (
			);
			dependencies = (
				456BF2B12526C1C300C4C8B0 /* PBXTargetDependency */,
			);
			name = "auth-demoUITests";
			productName = "auth-demoUITests";
			productReference = 456BF2AF2526C1C300C4C8B0 /* auth-demoUITests.xctest */;
			productType = "com.apple.product-type.bundle.ui-testing";
		};
/* End PBXNativeTarget section */

/* Begin PBXProject section */
		456BF2862526C1C200C4C8B0 /* Project object */ = {
			isa = PBXProject;
			attributes = {
				LastSwiftUpdateCheck = 1200;
				LastUpgradeCheck = 1200;
				TargetAttributes = {
					456BF28D2526C1C200C4C8B0 = {
						CreatedOnToolsVersion = 12.0.1;
					};
					456BF2A32526C1C300C4C8B0 = {
						CreatedOnToolsVersion = 12.0.1;
						TestTargetID = 456BF28D2526C1C200C4C8B0;
					};
					456BF2AE2526C1C300C4C8B0 = {
						CreatedOnToolsVersion = 12.0.1;
						TestTargetID = 456BF28D2526C1C200C4C8B0;
					};
				};
			};
			buildConfigurationList = 456BF2892526C1C200C4C8B0 /* Build configuration list for PBXProject "auth-demo" */;
			compatibilityVersion = "Xcode 9.3";
			developmentRegion = en;
			hasScannedForEncodings = 0;
			knownRegions = (
				en,
				Base,
			);
			mainGroup = 456BF2852526C1C200C4C8B0;
			productRefGroup = 456BF28F2526C1C200C4C8B0 /* Products */;
			projectDirPath = "";
			projectRoot = "";
			targets = (
				456BF28D2526C1C200C4C8B0 /* auth-demo */,
				456BF2A32526C1C300C4C8B0 /* auth-demoTests */,
				456BF2AE2526C1C300C4C8B0 /* auth-demoUITests */,
			);
		};
/* End PBXProject section */

/* Begin PBXResourcesBuildPhase section */
		456BF28C2526C1C200C4C8B0 /* Resources */ = {
			isa = PBXResourcesBuildPhase;
			buildActionMask = 2147483647;
			files = (
				456BF29E2526C1C300C4C8B0 /* LaunchScreen.storyboard in Resources */,
				456BF29B2526C1C300C4C8B0 /* Assets.xcassets in Resources */,
				456BF2992526C1C200C4C8B0 /* Main.storyboard in Resources */,
			);
			runOnlyForDeploymentPostprocessing = 0;
		};
		456BF2A22526C1C300C4C8B0 /* Resources */ = {
			isa = PBXResourcesBuildPhase;
			buildActionMask = 2147483647;
			files = (
			);
			runOnlyForDeploymentPostprocessing = 0;
		};
		456BF2AD2526C1C300C4C8B0 /* Resources */ = {
			isa = PBXResourcesBuildPhase;
			buildActionMask = 2147483647;
			files = (
			);
			runOnlyForDeploymentPostprocessing = 0;
		};
/* End PBXResourcesBuildPhase section */

/* Begin PBXSourcesBuildPhase section */
		456BF28A2526C1C200C4C8B0 /* Sources */ = {
			isa = PBXSourcesBuildPhase;
			buildActionMask = 2147483647;
			files = (
				456BF2962526C1C200C4C8B0 /* ViewController.swift in Sources */,
				456BF2922526C1C200C4C8B0 /* AppDelegate.swift in Sources */,
				456BF2942526C1C200C4C8B0 /* SceneDelegate.swift in Sources */,
			);
			runOnlyForDeploymentPostprocessing = 0;
		};
		456BF2A02526C1C300C4C8B0 /* Sources */ = {
			isa = PBXSourcesBuildPhase;
			buildActionMask = 2147483647;
			files = (
				456BF2A92526C1C300C4C8B0 /* auth_demoTests.swift in Sources */,
			);
			runOnlyForDeploymentPostprocessing = 0;
		};
		456BF2AB2526C1C300C4C8B0 /* Sources */ = {
			isa = PBXSourcesBuildPhase;
			buildActionMask = 2147483647;
			files = (
				456BF2B42526C1C300C4C8B0 /* auth_demoUITests.swift in Sources */,
			);
			runOnlyForDeploymentPostprocessing = 0;
		};
/* End PBXSourcesBuildPhase section */

/* Begin PBXTargetDependency section */
		456BF2A62526C1C300C4C8B0 /* PBXTargetDependency */ = {
			isa = PBXTargetDependency;
			target = 456BF28D2526C1C200C4C8B0 /* auth-demo */;
			targetProxy = 456BF2A52526C1C300C4C8B0 /* PBXContainerItemProxy */;
		};
		456BF2B12526C1C300C4C8B0 /* PBXTargetDependency */ = {
			isa = PBXTargetDependency;
			target = 456BF28D2526C1C200C4C8B0 /* auth-demo */;
			targetProxy = 456BF2B02526C1C300C4C8B0 /* PBXContainerItemProxy */;
		};
/* End PBXTargetDependency section */

/* Begin PBXVariantGroup section */
		456BF2972526C1C200C4C8B0 /* Main.storyboard */ = {
			isa = PBXVariantGroup;
			children = (
				456BF2982526C1C200C4C8B0 /* Base */,
			);
			name = Main.storyboard;
			sourceTree = "<group>";
		};
		456BF29C2526C1C300C4C8B0 /* LaunchScreen.storyboard */ = {
			isa = PBXVariantGroup;
			children = (
				456BF29D2526C1C300C4C8B0 /* Base */,
			);
			name = LaunchScreen.storyboard;
			sourceTree = "<group>";
		};
/* End PBXVariantGroup section */

/* Begin XCBuildConfiguration section */
		456BF2B62526C1C300C4C8B0 /* Debug */ = {
			isa = XCBuildConfiguration;
			buildSettings = {
				ALWAYS_SEARCH_USER_PATHS = NO;
				CLANG_ANALYZER_NONNULL = YES;
				CLANG_ANALYZER_NUMBER_OBJECT_CONVERSION = YES_AGGRESSIVE;
				CLANG_CXX_LANGUAGE_STANDARD = "gnu++14";
				CLANG_CXX_LIBRARY = "libc++";
				CLANG_ENABLE_MODULES = YES;
				CLANG_ENABLE_OBJC_ARC = YES;
				CLANG_ENABLE_OBJC_WEAK = YES;
				CLANG_WARN_BLOCK_CAPTURE_AUTORELEASING = YES;
				CLANG_WARN_BOOL_CONVERSION = YES;
				CLANG_WARN_COMMA = YES;
				CLANG_WARN_CONSTANT_CONVERSION = YES;
				CLANG_WARN_DEPRECATED_OBJC_IMPLEMENTATIONS = YES;
				CLANG_WARN_DIRECT_OBJC_ISA_USAGE = YES_ERROR;
				CLANG_WARN_DOCUMENTATION_COMMENTS = YES;
				CLANG_WARN_EMPTY_BODY = YES;
				CLANG_WARN_ENUM_CONVERSION = YES;
				CLANG_WARN_INFINITE_RECURSION = YES;
				CLANG_WARN_INT_CONVERSION = YES;
				CLANG_WARN_NON_LITERAL_NULL_CONVERSION = YES;
				CLANG_WARN_OBJC_IMPLICIT_RETAIN_SELF = YES;
				CLANG_WARN_OBJC_LITERAL_CONVERSION = YES;
				CLANG_WARN_OBJC_ROOT_CLASS = YES_ERROR;
				CLANG_WARN_QUOTED_INCLUDE_IN_FRAMEWORK_HEADER = YES;
				CLANG_WARN_RANGE_LOOP_ANALYSIS = YES;
				CLANG_WARN_STRICT_PROTOTYPES = YES;
				CLANG_WARN_SUSPICIOUS_MOVE = YES;
				CLANG_WARN_UNGUARDED_AVAILABILITY = YES_AGGRESSIVE;
				CLANG_WARN_UNREACHABLE_CODE = YES;
				CLANG_WARN__DUPLICATE_METHOD_MATCH = YES;
				COPY_PHASE_STRIP = NO;
				DEBUG_INFORMATION_FORMAT = dwarf;
				ENABLE_STRICT_OBJC_MSGSEND = YES;
				ENABLE_TESTABILITY = YES;
				GCC_C_LANGUAGE_STANDARD = gnu11;
				GCC_DYNAMIC_NO_PIC = NO;
				GCC_NO_COMMON_BLOCKS = YES;
				GCC_OPTIMIZATION_LEVEL = 0;
				GCC_PREPROCESSOR_DEFINITIONS = (
					"DEBUG=1",
					"$(inherited)",
				);
				GCC_WARN_64_TO_32_BIT_CONVERSION = YES;
				GCC_WARN_ABOUT_RETURN_TYPE = YES_ERROR;
				GCC_WARN_UNDECLARED_SELECTOR = YES;
				GCC_WARN_UNINITIALIZED_AUTOS = YES_AGGRESSIVE;
				GCC_WARN_UNUSED_FUNCTION = YES;
				GCC_WARN_UNUSED_VARIABLE = YES;
				IPHONEOS_DEPLOYMENT_TARGET = 14.0;
				MTL_ENABLE_DEBUG_INFO = INCLUDE_SOURCE;
				MTL_FAST_MATH = YES;
				ONLY_ACTIVE_ARCH = YES;
				SDKROOT = iphoneos;
				SWIFT_ACTIVE_COMPILATION_CONDITIONS = DEBUG;
				SWIFT_OPTIMIZATION_LEVEL = "-Onone";
			};
			name = Debug;
		};
		456BF2B72526C1C300C4C8B0 /* Release */ = {
			isa = XCBuildConfiguration;
			buildSettings = {
				ALWAYS_SEARCH_USER_PATHS = NO;
				CLANG_ANALYZER_NONNULL = YES;
				CLANG_ANALYZER_NUMBER_OBJECT_CONVERSION = YES_AGGRESSIVE;
				CLANG_CXX_LANGUAGE_STANDARD = "gnu++14";
				CLANG_CXX_LIBRARY = "libc++";
				CLANG_ENABLE_MODULES = YES;
				CLANG_ENABLE_OBJC_ARC = YES;
				CLANG_ENABLE_OBJC_WEAK = YES;
				CLANG_WARN_BLOCK_CAPTURE_AUTORELEASING = YES;
				CLANG_WARN_BOOL_CONVERSION = YES;
				CLANG_WARN_COMMA = YES;
				CLANG_WARN_CONSTANT_CONVERSION = YES;
				CLANG_WARN_DEPRECATED_OBJC_IMPLEMENTATIONS = YES;
				CLANG_WARN_DIRECT_OBJC_ISA_USAGE = YES_ERROR;
				CLANG_WARN_DOCUMENTATION_COMMENTS = YES;
				CLANG_WARN_EMPTY_BODY = YES;
				CLANG_WARN_ENUM_CONVERSION = YES;
				CLANG_WARN_INFINITE_RECURSION = YES;
				CLANG_WARN_INT_CONVERSION = YES;
				CLANG_WARN_NON_LITERAL_NULL_CONVERSION = YES;
				CLANG_WARN_OBJC_IMPLICIT_RETAIN_SELF = YES;
				CLANG_WARN_OBJC_LITERAL_CONVERSION = YES;
				CLANG_WARN_OBJC_ROOT_CLASS = YES_ERROR;
				CLANG_WARN_QUOTED_INCLUDE_IN_FRAMEWORK_HEADER = YES;
				CLANG_WARN_RANGE_LOOP_ANALYSIS = YES;
				CLANG_WARN_STRICT_PROTOTYPES = YES;
				CLANG_WARN_SUSPICIOUS_MOVE = YES;
				CLANG_WARN_UNGUARDED_AVAILABILITY = YES_AGGRESSIVE;
				CLANG_WARN_UNREACHABLE_CODE = YES;
				CLANG_WARN__DUPLICATE_METHOD_MATCH = YES;
				COPY_PHASE_STRIP = NO;
				DEBUG_INFORMATION_FORMAT = "dwarf-with-dsym";
				ENABLE_NS_ASSERTIONS = NO;
				ENABLE_STRICT_OBJC_MSGSEND = YES;
				GCC_C_LANGUAGE_STANDARD = gnu11;
				GCC_NO_COMMON_BLOCKS = YES;
				GCC_WARN_64_TO_32_BIT_CONVERSION = YES;
				GCC_WARN_ABOUT_RETURN_TYPE = YES_ERROR;
				GCC_WARN_UNDECLARED_SELECTOR = YES;
				GCC_WARN_UNINITIALIZED_AUTOS = YES_AGGRESSIVE;
				GCC_WARN_UNUSED_FUNCTION = YES;
				GCC_WARN_UNUSED_VARIABLE = YES;
				IPHONEOS_DEPLOYMENT_TARGET = 14.0;
				MTL_ENABLE_DEBUG_INFO = NO;
				MTL_FAST_MATH = YES;
				SDKROOT = iphoneos;
				SWIFT_COMPILATION_MODE = wholemodule;
				SWIFT_OPTIMIZATION_LEVEL = "-O";
				VALIDATE_PRODUCT = YES;
			};
			name = Release;
		};
		456BF2B92526C1C300C4C8B0 /* Debug */ = {
			isa = XCBuildConfiguration;
			buildSettings = {
				ASSETCATALOG_COMPILER_APPICON_NAME = AppIcon;
				ASSETCATALOG_COMPILER_GLOBAL_ACCENT_COLOR_NAME = AccentColor;
				CODE_SIGN_STYLE = Automatic;
				DEVELOPMENT_TEAM = RSR8K28Z58;
				INFOPLIST_FILE = "auth-demo/Info.plist";
				LD_RUNPATH_SEARCH_PATHS = (
					"$(inherited)",
					"@executable_path/Frameworks",
				);
				PRODUCT_BUNDLE_IDENTIFIER = "blueprint.auth-demo";
				PRODUCT_NAME = "$(TARGET_NAME)";
				SWIFT_VERSION = 5.0;
				TARGETED_DEVICE_FAMILY = "1,2";
			};
			name = Debug;
		};
		456BF2BA2526C1C300C4C8B0 /* Release */ = {
			isa = XCBuildConfiguration;
			buildSettings = {
				ASSETCATALOG_COMPILER_APPICON_NAME = AppIcon;
				ASSETCATALOG_COMPILER_GLOBAL_ACCENT_COLOR_NAME = AccentColor;
				CODE_SIGN_STYLE = Automatic;
				DEVELOPMENT_TEAM = RSR8K28Z58;
				INFOPLIST_FILE = "auth-demo/Info.plist";
				LD_RUNPATH_SEARCH_PATHS = (
					"$(inherited)",
					"@executable_path/Frameworks",
				);
				PRODUCT_BUNDLE_IDENTIFIER = "blueprint.auth-demo";
				PRODUCT_NAME = "$(TARGET_NAME)";
				SWIFT_VERSION = 5.0;
				TARGETED_DEVICE_FAMILY = "1,2";
			};
			name = Release;
		};
		456BF2BC2526C1C300C4C8B0 /* Debug */ = {
			isa = XCBuildConfiguration;
			buildSettings = {
				ALWAYS_EMBED_SWIFT_STANDARD_LIBRARIES = YES;
				BUNDLE_LOADER = "$(TEST_HOST)";
				CODE_SIGN_STYLE = Automatic;
				DEVELOPMENT_TEAM = RSR8K28Z58;
				INFOPLIST_FILE = "auth-demoTests/Info.plist";
				IPHONEOS_DEPLOYMENT_TARGET = 14.0;
				LD_RUNPATH_SEARCH_PATHS = (
					"$(inherited)",
					"@executable_path/Frameworks",
					"@loader_path/Frameworks",
				);
				PRODUCT_BUNDLE_IDENTIFIER = "blueprint.auth-demoTests";
				PRODUCT_NAME = "$(TARGET_NAME)";
				SWIFT_VERSION = 5.0;
				TARGETED_DEVICE_FAMILY = "1,2";
				TEST_HOST = "$(BUILT_PRODUCTS_DIR)/auth-demo.app/auth-demo";
			};
			name = Debug;
		};
		456BF2BD2526C1C300C4C8B0 /* Release */ = {
			isa = XCBuildConfiguration;
			buildSettings = {
				ALWAYS_EMBED_SWIFT_STANDARD_LIBRARIES = YES;
				BUNDLE_LOADER = "$(TEST_HOST)";
				CODE_SIGN_STYLE = Automatic;
				DEVELOPMENT_TEAM = RSR8K28Z58;
				INFOPLIST_FILE = "auth-demoTests/Info.plist";
				IPHONEOS_DEPLOYMENT_TARGET = 14.0;
				LD_RUNPATH_SEARCH_PATHS = (
					"$(inherited)",
					"@executable_path/Frameworks",
					"@loader_path/Frameworks",
				);
				PRODUCT_BUNDLE_IDENTIFIER = "blueprint.auth-demoTests";
				PRODUCT_NAME = "$(TARGET_NAME)";
				SWIFT_VERSION = 5.0;
				TARGETED_DEVICE_FAMILY = "1,2";
				TEST_HOST = "$(BUILT_PRODUCTS_DIR)/auth-demo.app/auth-demo";
			};
			name = Release;
		};
		456BF2BF2526C1C300C4C8B0 /* Debug */ = {
			isa = XCBuildConfiguration;
			buildSettings = {
				ALWAYS_EMBED_SWIFT_STANDARD_LIBRARIES = YES;
				CODE_SIGN_STYLE = Automatic;
				DEVELOPMENT_TEAM = RSR8K28Z58;
				INFOPLIST_FILE = "auth-demoUITests/Info.plist";
				LD_RUNPATH_SEARCH_PATHS = (
					"$(inherited)",
					"@executable_path/Frameworks",
					"@loader_path/Frameworks",
				);
				PRODUCT_BUNDLE_IDENTIFIER = "blueprint.auth-demoUITests";
				PRODUCT_NAME = "$(TARGET_NAME)";
				SWIFT_VERSION = 5.0;
				TARGETED_DEVICE_FAMILY = "1,2";
				TEST_TARGET_NAME = "auth-demo";
			};
			name = Debug;
		};
		456BF2C02526C1C300C4C8B0 /* Release */ = {
			isa = XCBuildConfiguration;
			buildSettings = {
				ALWAYS_EMBED_SWIFT_STANDARD_LIBRARIES = YES;
				CODE_SIGN_STYLE = Automatic;
				DEVELOPMENT_TEAM = RSR8K28Z58;
				INFOPLIST_FILE = "auth-demoUITests/Info.plist";
				LD_RUNPATH_SEARCH_PATHS = (
					"$(inherited)",
					"@executable_path/Frameworks",
					"@loader_path/Frameworks",
				);
				PRODUCT_BUNDLE_IDENTIFIER = "blueprint.auth-demoUITests";
				PRODUCT_NAME = "$(TARGET_NAME)";
				SWIFT_VERSION = 5.0;
				TARGETED_DEVICE_FAMILY = "1,2";
				TEST_TARGET_NAME = "auth-demo";
			};
			name = Release;
		};
/* End XCBuildConfiguration section */

/* Begin XCConfigurationList section */
		456BF2892526C1C200C4C8B0 /* Build configuration list for PBXProject "auth-demo" */ = {
			isa = XCConfigurationList;
			buildConfigurations = (
				456BF2B62526C1C300C4C8B0 /* Debug */,
				456BF2B72526C1C300C4C8B0 /* Release */,
			);
			defaultConfigurationIsVisible = 0;
			defaultConfigurationName = Release;
		};
		456BF2B82526C1C300C4C8B0 /* Build configuration list for PBXNativeTarget "auth-demo" */ = {
			isa = XCConfigurationList;
			buildConfigurations = (
				456BF2B92526C1C300C4C8B0 /* Debug */,
				456BF2BA2526C1C300C4C8B0 /* Release */,
			);
			defaultConfigurationIsVisible = 0;
			defaultConfigurationName = Release;
		};
		456BF2BB2526C1C300C4C8B0 /* Build configuration list for PBXNativeTarget "auth-demoTests" */ = {
			isa = XCConfigurationList;
			buildConfigurations = (
				456BF2BC2526C1C300C4C8B0 /* Debug */,
				456BF2BD2526C1C300C4C8B0 /* Release */,
			);
			defaultConfigurationIsVisible = 0;
			defaultConfigurationName = Release;
		};
		456BF2BE2526C1C300C4C8B0 /* Build configuration list for PBXNativeTarget "auth-demoUITests" */ = {
			isa = XCConfigurationList;
			buildConfigurations = (
				456BF2BF2526C1C300C4C8B0 /* Debug */,
				456BF2C02526C1C300C4C8B0 /* Release */,
			);
			defaultConfigurationIsVisible = 0;
			defaultConfigurationName = Release;
		};
/* End XCConfigurationList section */
	};
	rootObject = 456BF2862526C1C200C4C8B0 /* Project object */;
}
